
Microsoft Visual Studio Solution File, Format Version 12.00
Project("{FAE04EC0-301F-11D3-BF4B-00C04F79EFBC}") = "YandexTranslatorClientLib", "YandexTranslatorClientLib\YandexTranslatorClientLib.csproj", "{C7C804B5-BACE-4E8A-A127-6AEB24FE7F3B}"
EndProject
Global
	GlobalSection(SolutionConfigurationPlatforms) = preSolution
		Debug|Any CPU = Debug|Any CPU
		Release|Any CPU = Release|Any CPU
	EndGlobalSection
	GlobalSection(ProjectConfigurationPlatforms) = postSolution
		{C7C804B5-BACE-4E8A-A127-6AEB24FE7F3B}.Debug|Any CPU.ActiveCfg = Debug|Any CPU
		{C7C804B5-BACE-4E8A-A127-6AEB24FE7F3B}.Debug|Any CPU.Build.0 = Debug|Any CPU
		{C7C804B5-BACE-4E8A-A127-6AEB24FE7F3B}.Release|Any CPU.ActiveCfg = Release|Any CPU
		{C7C804B5-BACE-4E8A-A127-6AEB24FE7F3B}.Release|Any CPU.Build.0 = Release|Any CPU
	EndGlobalSection
EndGlobal
